// !$*UTF8*$!
{
	archiveVersion = 1;
	classes = {
	};
	objectVersion = 46;
	objects = {

/* Begin PBXBuildFile section */
		F47944311DFC1F9E006DF324 /* LICENSE in Resources */ = {isa = PBXBuildFile; fileRef = F47944301DFC1F9E006DF324 /* LICENSE */; };
		F47944321DFC1F9E006DF324 /* LICENSE in Resources */ = {isa = PBXBuildFile; fileRef = F47944301DFC1F9E006DF324 /* LICENSE */; };
		F4A582881DF89DC4001FCC2A /* SDGWaterWaves-iOS.h in Headers */ = {isa = PBXBuildFile; fileRef = F4A582861DF89DC4001FCC2A /* SDGWaterWaves-iOS.h */; settings = {ATTRIBUTES = (Public, ); }; };
		F4A582951DF89DDB001FCC2A /* SDGWaterWaves-macOS.h in Headers */ = {isa = PBXBuildFile; fileRef = F4A582931DF89DDB001FCC2A /* SDGWaterWaves-macOS.h */; settings = {ATTRIBUTES = (Public, ); }; };
		F4A5829A1DF89EA5001FCC2A /* WaveType.swift in Sources */ = {isa = PBXBuildFile; fileRef = F4A582991DF89EA5001FCC2A /* WaveType.swift */; };
		F4A5829B1DF89EA5001FCC2A /* WaveType.swift in Sources */ = {isa = PBXBuildFile; fileRef = F4A582991DF89EA5001FCC2A /* WaveType.swift */; };
		F4A5829D1DF89EE7001FCC2A /* Datum.swift in Sources */ = {isa = PBXBuildFile; fileRef = F4A5829C1DF89EE7001FCC2A /* Datum.swift */; };
		F4A5829E1DF89EE7001FCC2A /* Datum.swift in Sources */ = {isa = PBXBuildFile; fileRef = F4A5829C1DF89EE7001FCC2A /* Datum.swift */; };
		F4A582A01DF89F14001FCC2A /* Wave.swift in Sources */ = {isa = PBXBuildFile; fileRef = F4A5829F1DF89F14001FCC2A /* Wave.swift */; };
		F4A582A11DF89F14001FCC2A /* Wave.swift in Sources */ = {isa = PBXBuildFile; fileRef = F4A5829F1DF89F14001FCC2A /* Wave.swift */; };
		F4A582A31DF89F40001FCC2A /* Tides.swift in Sources */ = {isa = PBXBuildFile; fileRef = F4A582A21DF89F40001FCC2A /* Tides.swift */; };
		F4A582A41DF89F40001FCC2A /* Tides.swift in Sources */ = {isa = PBXBuildFile; fileRef = F4A582A21DF89F40001FCC2A /* Tides.swift */; };
		F4A582A61DF89F8C001FCC2A /* WaveController.swift in Sources */ = {isa = PBXBuildFile; fileRef = F4A582A51DF89F8C001FCC2A /* WaveController.swift */; };
		F4A582A71DF89F8C001FCC2A /* WaveController.swift in Sources */ = {isa = PBXBuildFile; fileRef = F4A582A51DF89F8C001FCC2A /* WaveController.swift */; };
		F4A582A91DF89FE6001FCC2A /* Platform.swift in Sources */ = {isa = PBXBuildFile; fileRef = F4A582A81DF89FE6001FCC2A /* Platform.swift */; };
		F4A582AA1DF89FE6001FCC2A /* Platform.swift in Sources */ = {isa = PBXBuildFile; fileRef = F4A582A81DF89FE6001FCC2A /* Platform.swift */; };
		F4A582AC1DF8A0F8001FCC2A /* TidePath.swift in Sources */ = {isa = PBXBuildFile; fileRef = F4A582AB1DF8A0F8001FCC2A /* TidePath.swift */; };
		F4A582AD1DF8A0F8001FCC2A /* TidePath.swift in Sources */ = {isa = PBXBuildFile; fileRef = F4A582AB1DF8A0F8001FCC2A /* TidePath.swift */; };
/* End PBXBuildFile section */

/* Begin PBXFileReference section */
		F47944301DFC1F9E006DF324 /* LICENSE */ = {isa = PBXFileReference; fileEncoding = 4; lastKnownFileType = text; name = LICENSE; path = ../../LICENSE; sourceTree = "<group>"; };
		F4A582841DF89DC4001FCC2A /* SDGWaterWaves.framework */ = {isa = PBXFileReference; explicitFileType = wrapper.framework; includeInIndex = 0; path = SDGWaterWaves.framework; sourceTree = BUILT_PRODUCTS_DIR; };
		F4A582861DF89DC4001FCC2A /* SDGWaterWaves-iOS.h */ = {isa = PBXFileReference; lastKnownFileType = sourcecode.c.h; path = "SDGWaterWaves-iOS.h"; sourceTree = "<group>"; };
		F4A582871DF89DC4001FCC2A /* Info.plist */ = {isa = PBXFileReference; lastKnownFileType = text.plist.xml; path = Info.plist; sourceTree = "<group>"; };
		F4A582911DF89DDB001FCC2A /* SDGWaterWaves.framework */ = {isa = PBXFileReference; explicitFileType = wrapper.framework; includeInIndex = 0; path = SDGWaterWaves.framework; sourceTree = BUILT_PRODUCTS_DIR; };
		F4A582931DF89DDB001FCC2A /* SDGWaterWaves-macOS.h */ = {isa = PBXFileReference; lastKnownFileType = sourcecode.c.h; path = "SDGWaterWaves-macOS.h"; sourceTree = "<group>"; };
		F4A582941DF89DDB001FCC2A /* Info.plist */ = {isa = PBXFileReference; lastKnownFileType = text.plist.xml; path = Info.plist; sourceTree = "<group>"; };
		F4A582991DF89EA5001FCC2A /* WaveType.swift */ = {isa = PBXFileReference; fileEncoding = 4; lastKnownFileType = sourcecode.swift; path = WaveType.swift; sourceTree = "<group>"; };
		F4A5829C1DF89EE7001FCC2A /* Datum.swift */ = {isa = PBXFileReference; fileEncoding = 4; lastKnownFileType = sourcecode.swift; path = Datum.swift; sourceTree = "<group>"; };
		F4A5829F1DF89F14001FCC2A /* Wave.swift */ = {isa = PBXFileReference; fileEncoding = 4; lastKnownFileType = sourcecode.swift; path = Wave.swift; sourceTree = "<group>"; };
		F4A582A21DF89F40001FCC2A /* Tides.swift */ = {isa = PBXFileReference; fileEncoding = 4; lastKnownFileType = sourcecode.swift; path = Tides.swift; sourceTree = "<group>"; };
		F4A582A51DF89F8C001FCC2A /* WaveController.swift */ = {isa = PBXFileReference; fileEncoding = 4; lastKnownFileType = sourcecode.swift; path = WaveController.swift; sourceTree = "<group>"; };
		F4A582A81DF89FE6001FCC2A /* Platform.swift */ = {isa = PBXFileReference; fileEncoding = 4; lastKnownFileType = sourcecode.swift; path = Platform.swift; sourceTree = "<group>"; };
		F4A582AB1DF8A0F8001FCC2A /* TidePath.swift */ = {isa = PBXFileReference; fileEncoding = 4; lastKnownFileType = sourcecode.swift; path = TidePath.swift; sourceTree = "<group>"; };
/* End PBXFileReference section */

/* Begin PBXFrameworksBuildPhase section */
		F4A582801DF89DC4001FCC2A /* Frameworks */ = {
			isa = PBXFrameworksBuildPhase;
			buildActionMask = 2147483647;
			files = (
			);
			runOnlyForDeploymentPostprocessing = 0;
		};
		F4A5828D1DF89DDB001FCC2A /* Frameworks */ = {
			isa = PBXFrameworksBuildPhase;
			buildActionMask = 2147483647;
			files = (
			);
			runOnlyForDeploymentPostprocessing = 0;
		};
/* End PBXFrameworksBuildPhase section */

/* Begin PBXGroup section */
		F4A5826A1DF89DAB001FCC2A = {
			isa = PBXGroup;
			children = (
				F4A582761DF89DAB001FCC2A /* SDGWaterWaves */,
				F47944301DFC1F9E006DF324 /* LICENSE */,
				F4A582921DF89DDB001FCC2A /* SDGWaterWaves-macOS */,
				F4A582851DF89DC4001FCC2A /* SDGWaterWaves-iOS */,
				F4A582751DF89DAB001FCC2A /* Products */,
			);
			sourceTree = "<group>";
		};
		F4A582751DF89DAB001FCC2A /* Products */ = {
			isa = PBXGroup;
			children = (
				F4A582841DF89DC4001FCC2A /* SDGWaterWaves.framework */,
				F4A582911DF89DDB001FCC2A /* SDGWaterWaves.framework */,
			);
			name = Products;
			sourceTree = "<group>";
		};
		F4A582761DF89DAB001FCC2A /* SDGWaterWaves */ = {
			isa = PBXGroup;
			children = (
				F4A582AE1DF8A125001FCC2A /* Model */,
				F4A582AF1DF8A132001FCC2A /* Controller */,
				F4A582B01DF8A140001FCC2A /* Helpers */,
			);
			path = SDGWaterWaves;
			sourceTree = "<group>";
		};
		F4A582851DF89DC4001FCC2A /* SDGWaterWaves-iOS */ = {
			isa = PBXGroup;
			children = (
				F4A582861DF89DC4001FCC2A /* SDGWaterWaves-iOS.h */,
				F4A582871DF89DC4001FCC2A /* Info.plist */,
			);
			path = "SDGWaterWaves-iOS";
			sourceTree = "<group>";
		};
		F4A582921DF89DDB001FCC2A /* SDGWaterWaves-macOS */ = {
			isa = PBXGroup;
			children = (
				F4A582931DF89DDB001FCC2A /* SDGWaterWaves-macOS.h */,
				F4A582941DF89DDB001FCC2A /* Info.plist */,
			);
			path = "SDGWaterWaves-macOS";
			sourceTree = "<group>";
		};
		F4A582AE1DF8A125001FCC2A /* Model */ = {
			isa = PBXGroup;
			children = (
				F4A5829F1DF89F14001FCC2A /* Wave.swift */,
				F4A5829C1DF89EE7001FCC2A /* Datum.swift */,
				F4A582A21DF89F40001FCC2A /* Tides.swift */,
				F4A582AB1DF8A0F8001FCC2A /* TidePath.swift */,
				F4A582991DF89EA5001FCC2A /* WaveType.swift */,
			);
			name = Model;
			sourceTree = "<group>";
		};
		F4A582AF1DF8A132001FCC2A /* Controller */ = {
			isa = PBXGroup;
			children = (
				F4A582A51DF89F8C001FCC2A /* WaveController.swift */,
			);
			name = Controller;
			sourceTree = "<group>";
		};
		F4A582B01DF8A140001FCC2A /* Helpers */ = {
			isa = PBXGroup;
			children = (
				F4A582A81DF89FE6001FCC2A /* Platform.swift */,
			);
			name = Helpers;
			sourceTree = "<group>";
		};
/* End PBXGroup section */

/* Begin PBXHeadersBuildPhase section */
		F4A582811DF89DC4001FCC2A /* Headers */ = {
			isa = PBXHeadersBuildPhase;
			buildActionMask = 2147483647;
			files = (
				F4A582881DF89DC4001FCC2A /* SDGWaterWaves-iOS.h in Headers */,
			);
			runOnlyForDeploymentPostprocessing = 0;
		};
		F4A5828E1DF89DDB001FCC2A /* Headers */ = {
			isa = PBXHeadersBuildPhase;
			buildActionMask = 2147483647;
			files = (
				F4A582951DF89DDB001FCC2A /* SDGWaterWaves-macOS.h in Headers */,
			);
			runOnlyForDeploymentPostprocessing = 0;
		};
/* End PBXHeadersBuildPhase section */

/* Begin PBXNativeTarget section */
		F4A582831DF89DC4001FCC2A /* SDGWaterWaves-iOS */ = {
			isa = PBXNativeTarget;
			buildConfigurationList = F4A582891DF89DC4001FCC2A /* Build configuration list for PBXNativeTarget "SDGWaterWaves-iOS" */;
			buildPhases = (
				F4A5827F1DF89DC4001FCC2A /* Sources */,
				F4A582801DF89DC4001FCC2A /* Frameworks */,
				F4A582811DF89DC4001FCC2A /* Headers */,
				F4A582821DF89DC4001FCC2A /* Resources */,
			);
			buildRules = (
			);
			dependencies = (
			);
			name = "SDGWaterWaves-iOS";
			productName = "SDGWaterWaves-iOS";
			productReference = F4A582841DF89DC4001FCC2A /* SDGWaterWaves.framework */;
			productType = "com.apple.product-type.framework";
		};
		F4A582901DF89DDB001FCC2A /* SDGWaterWaves-macOS */ = {
			isa = PBXNativeTarget;
			buildConfigurationList = F4A582961DF89DDB001FCC2A /* Build configuration list for PBXNativeTarget "SDGWaterWaves-macOS" */;
			buildPhases = (
				F4A5828C1DF89DDB001FCC2A /* Sources */,
				F4A5828D1DF89DDB001FCC2A /* Frameworks */,
				F4A5828E1DF89DDB001FCC2A /* Headers */,
				F4A5828F1DF89DDB001FCC2A /* Resources */,
			);
			buildRules = (
			);
			dependencies = (
			);
			name = "SDGWaterWaves-macOS";
			productName = "SDGWaterWaves-macOS";
			productReference = F4A582911DF89DDB001FCC2A /* SDGWaterWaves.framework */;
			productType = "com.apple.product-type.framework";
		};
/* End PBXNativeTarget section */

/* Begin PBXProject section */
		F4A5826B1DF89DAB001FCC2A /* Project object */ = {
			isa = PBXProject;
			attributes = {
				LastUpgradeCheck = 0810;
				ORGANIZATIONNAME = "☠️👽🤖👻";
				TargetAttributes = {
					F4A582831DF89DC4001FCC2A = {
						CreatedOnToolsVersion = 8.1;
						LastSwiftMigration = 0810;
						ProvisioningStyle = Automatic;
					};
					F4A582901DF89DDB001FCC2A = {
						CreatedOnToolsVersion = 8.1;
						LastSwiftMigration = 0810;
						ProvisioningStyle = Automatic;
					};
				};
			};
			buildConfigurationList = F4A5826E1DF89DAB001FCC2A /* Build configuration list for PBXProject "SDGWaterWaves" */;
			compatibilityVersion = "Xcode 3.2";
			developmentRegion = English;
			hasScannedForEncodings = 0;
			knownRegions = (
				en,
			);
			mainGroup = F4A5826A1DF89DAB001FCC2A;
			productRefGroup = F4A582751DF89DAB001FCC2A /* Products */;
			projectDirPath = "";
			projectRoot = "";
			targets = (
				F4A582901DF89DDB001FCC2A /* SDGWaterWaves-macOS */,
				F4A582831DF89DC4001FCC2A /* SDGWaterWaves-iOS */,
			);
		};
/* End PBXProject section */

/* Begin PBXResourcesBuildPhase section */
		F4A582821DF89DC4001FCC2A /* Resources */ = {
			isa = PBXResourcesBuildPhase;
			buildActionMask = 2147483647;
			files = (
				F47944321DFC1F9E006DF324 /* LICENSE in Resources */,
			);
			runOnlyForDeploymentPostprocessing = 0;
		};
		F4A5828F1DF89DDB001FCC2A /* Resources */ = {
			isa = PBXResourcesBuildPhase;
			buildActionMask = 2147483647;
			files = (
				F47944311DFC1F9E006DF324 /* LICENSE in Resources */,
			);
			runOnlyForDeploymentPostprocessing = 0;
		};
/* End PBXResourcesBuildPhase section */

/* Begin PBXSourcesBuildPhase section */
		F4A5827F1DF89DC4001FCC2A /* Sources */ = {
			isa = PBXSourcesBuildPhase;
			buildActionMask = 2147483647;
			files = (
				F4A582AA1DF89FE6001FCC2A /* Platform.swift in Sources */,
				F4A582A11DF89F14001FCC2A /* Wave.swift in Sources */,
				F4A5829B1DF89EA5001FCC2A /* WaveType.swift in Sources */,
				F4A5829E1DF89EE7001FCC2A /* Datum.swift in Sources */,
				F4A582AD1DF8A0F8001FCC2A /* TidePath.swift in Sources */,
				F4A582A41DF89F40001FCC2A /* Tides.swift in Sources */,
				F4A582A71DF89F8C001FCC2A /* WaveController.swift in Sources */,
			);
			runOnlyForDeploymentPostprocessing = 0;
		};
		F4A5828C1DF89DDB001FCC2A /* Sources */ = {
			isa = PBXSourcesBuildPhase;
			buildActionMask = 2147483647;
			files = (
				F4A582A91DF89FE6001FCC2A /* Platform.swift in Sources */,
				F4A582A01DF89F14001FCC2A /* Wave.swift in Sources */,
				F4A5829A1DF89EA5001FCC2A /* WaveType.swift in Sources */,
				F4A5829D1DF89EE7001FCC2A /* Datum.swift in Sources */,
				F4A582AC1DF8A0F8001FCC2A /* TidePath.swift in Sources */,
				F4A582A31DF89F40001FCC2A /* Tides.swift in Sources */,
				F4A582A61DF89F8C001FCC2A /* WaveController.swift in Sources */,
			);
			runOnlyForDeploymentPostprocessing = 0;
		};
/* End PBXSourcesBuildPhase section */

/* Begin XCBuildConfiguration section */
		F4A5827A1DF89DAB001FCC2A /* Debug */ = {
			isa = XCBuildConfiguration;
			buildSettings = {
				ALWAYS_SEARCH_USER_PATHS = NO;
				CLANG_ANALYZER_NONNULL = YES;
				CLANG_CXX_LANGUAGE_STANDARD = "gnu++0x";
				CLANG_CXX_LIBRARY = "libc++";
				CLANG_ENABLE_MODULES = YES;
				CLANG_ENABLE_OBJC_ARC = YES;
				CLANG_WARN_BOOL_CONVERSION = YES;
				CLANG_WARN_CONSTANT_CONVERSION = YES;
				CLANG_WARN_DIRECT_OBJC_ISA_USAGE = YES_ERROR;
				CLANG_WARN_DOCUMENTATION_COMMENTS = YES;
				CLANG_WARN_EMPTY_BODY = YES;
				CLANG_WARN_ENUM_CONVERSION = YES;
				CLANG_WARN_INFINITE_RECURSION = YES;
				CLANG_WARN_INT_CONVERSION = YES;
				CLANG_WARN_OBJC_ROOT_CLASS = YES_ERROR;
				CLANG_WARN_SUSPICIOUS_MOVES = YES;
				CLANG_WARN_UNREACHABLE_CODE = YES;
				CLANG_WARN__DUPLICATE_METHOD_MATCH = YES;
				"CODE_SIGN_IDENTITY[sdk=iphoneos*]" = "iPhone Developer";
				COPY_PHASE_STRIP = NO;
				CURRENT_PROJECT_VERSION = 1;
				DEBUG_INFORMATION_FORMAT = dwarf;
				ENABLE_STRICT_OBJC_MSGSEND = YES;
				ENABLE_TESTABILITY = YES;
				GCC_C_LANGUAGE_STANDARD = gnu99;
				GCC_DYNAMIC_NO_PIC = NO;
				GCC_NO_COMMON_BLOCKS = YES;
				GCC_OPTIMIZATION_LEVEL = 0;
				GCC_PREPROCESSOR_DEFINITIONS = (
					"DEBUG=1",
					"$(inherited)",
				);
				GCC_WARN_64_TO_32_BIT_CONVERSION = YES;
				GCC_WARN_ABOUT_RETURN_TYPE = YES_ERROR;
				GCC_WARN_UNDECLARED_SELECTOR = YES;
				GCC_WARN_UNINITIALIZED_AUTOS = YES_AGGRESSIVE;
				GCC_WARN_UNUSED_FUNCTION = YES;
				GCC_WARN_UNUSED_VARIABLE = YES;
				INSTALL_OWNER = " [sleepdefic1t](https://github.com/sleepdefic1t) ";
				IPHONEOS_DEPLOYMENT_TARGET = 9.0;
				MACOSX_DEPLOYMENT_TARGET = 10.11;
				MTL_ENABLE_DEBUG_INFO = YES;
				ONLY_ACTIVE_ARCH = YES;
				SDKROOT = iphoneos;
				SWIFT_ACTIVE_COMPILATION_CONDITIONS = DEBUG;
				SWIFT_OPTIMIZATION_LEVEL = "-Onone";
				TARGETED_DEVICE_FAMILY = "1,2";
				VERSIONING_SYSTEM = "apple-generic";
				VERSION_INFO_PREFIX = "";
			};
			name = Debug;
		};
		F4A5827B1DF89DAB001FCC2A /* Release */ = {
			isa = XCBuildConfiguration;
			buildSettings = {
				ALWAYS_SEARCH_USER_PATHS = NO;
				CLANG_ANALYZER_NONNULL = YES;
				CLANG_CXX_LANGUAGE_STANDARD = "gnu++0x";
				CLANG_CXX_LIBRARY = "libc++";
				CLANG_ENABLE_MODULES = YES;
				CLANG_ENABLE_OBJC_ARC = YES;
				CLANG_WARN_BOOL_CONVERSION = YES;
				CLANG_WARN_CONSTANT_CONVERSION = YES;
				CLANG_WARN_DIRECT_OBJC_ISA_USAGE = YES_ERROR;
				CLANG_WARN_DOCUMENTATION_COMMENTS = YES;
				CLANG_WARN_EMPTY_BODY = YES;
				CLANG_WARN_ENUM_CONVERSION = YES;
				CLANG_WARN_INFINITE_RECURSION = YES;
				CLANG_WARN_INT_CONVERSION = YES;
				CLANG_WARN_OBJC_ROOT_CLASS = YES_ERROR;
				CLANG_WARN_SUSPICIOUS_MOVES = YES;
				CLANG_WARN_UNREACHABLE_CODE = YES;
				CLANG_WARN__DUPLICATE_METHOD_MATCH = YES;
				"CODE_SIGN_IDENTITY[sdk=iphoneos*]" = "iPhone Developer";
				COPY_PHASE_STRIP = NO;
				CURRENT_PROJECT_VERSION = 1;
				DEBUG_INFORMATION_FORMAT = "dwarf-with-dsym";
				ENABLE_NS_ASSERTIONS = NO;
				ENABLE_STRICT_OBJC_MSGSEND = YES;
				GCC_C_LANGUAGE_STANDARD = gnu99;
				GCC_NO_COMMON_BLOCKS = YES;
				GCC_WARN_64_TO_32_BIT_CONVERSION = YES;
				GCC_WARN_ABOUT_RETURN_TYPE = YES_ERROR;
				GCC_WARN_UNDECLARED_SELECTOR = YES;
				GCC_WARN_UNINITIALIZED_AUTOS = YES_AGGRESSIVE;
				GCC_WARN_UNUSED_FUNCTION = YES;
				GCC_WARN_UNUSED_VARIABLE = YES;
				INSTALL_OWNER = " [sleepdefic1t](https://github.com/sleepdefic1t) ";
				IPHONEOS_DEPLOYMENT_TARGET = 9.0;
				MACOSX_DEPLOYMENT_TARGET = 10.11;
				MTL_ENABLE_DEBUG_INFO = NO;
				SDKROOT = iphoneos;
				SWIFT_OPTIMIZATION_LEVEL = "-Owholemodule";
				TARGETED_DEVICE_FAMILY = "1,2";
				VALIDATE_PRODUCT = YES;
				VERSIONING_SYSTEM = "apple-generic";
				VERSION_INFO_PREFIX = "";
			};
			name = Release;
		};
		F4A5828A1DF89DC4001FCC2A /* Debug */ = {
			isa = XCBuildConfiguration;
			buildSettings = {
				CLANG_ENABLE_MODULES = YES;
				CODE_SIGN_IDENTITY = "";
				DEFINES_MODULE = YES;
				DEVELOPMENT_TEAM = "";
				DYLIB_COMPATIBILITY_VERSION = 1;
				DYLIB_CURRENT_VERSION = 1;
				DYLIB_INSTALL_NAME_BASE = "@rpath";
				INFOPLIST_FILE = "SDGWaterWaves-iOS/Info.plist";
				INSTALL_PATH = "$(LOCAL_LIBRARY_DIR)/Frameworks";
				IPHONEOS_DEPLOYMENT_TARGET = 9.0;
				LD_RUNPATH_SEARCH_PATHS = "$(inherited) @executable_path/Frameworks @loader_path/Frameworks";
				PRODUCT_BUNDLE_IDENTIFIER = "io.darg.SDGWaterWaves-iOS";
				PRODUCT_NAME = SDGWaterWaves;
				SKIP_INSTALL = YES;
				SWIFT_OPTIMIZATION_LEVEL = "-Onone";
				SWIFT_VERSION = 3.0;
			};
			name = Debug;
		};
		F4A5828B1DF89DC4001FCC2A /* Release */ = {
			isa = XCBuildConfiguration;
			buildSettings = {
				CLANG_ENABLE_MODULES = YES;
				CODE_SIGN_IDENTITY = "";
				DEFINES_MODULE = YES;
				DEVELOPMENT_TEAM = "";
				DYLIB_COMPATIBILITY_VERSION = 1;
				DYLIB_CURRENT_VERSION = 1;
				DYLIB_INSTALL_NAME_BASE = "@rpath";
				INFOPLIST_FILE = "SDGWaterWaves-iOS/Info.plist";
				INSTALL_PATH = "$(LOCAL_LIBRARY_DIR)/Frameworks";
				IPHONEOS_DEPLOYMENT_TARGET = 9.0;
				LD_RUNPATH_SEARCH_PATHS = "$(inherited) @executable_path/Frameworks @loader_path/Frameworks";
				PRODUCT_BUNDLE_IDENTIFIER = "io.darg.SDGWaterWaves-iOS";
				PRODUCT_NAME = SDGWaterWaves;
				SKIP_INSTALL = YES;
				SWIFT_VERSION = 3.0;
			};
			name = Release;
		};
		F4A582971DF89DDB001FCC2A /* Debug */ = {
			isa = XCBuildConfiguration;
			buildSettings = {
				CLANG_ENABLE_MODULES = YES;
				CODE_SIGN_IDENTITY = "-";
				COMBINE_HIDPI_IMAGES = YES;
				DEFINES_MODULE = YES;
				DEVELOPMENT_TEAM = "";
				DYLIB_COMPATIBILITY_VERSION = 1;
				DYLIB_CURRENT_VERSION = 1;
				DYLIB_INSTALL_NAME_BASE = "@rpath";
				FRAMEWORK_VERSION = A;
				INFOPLIST_FILE = "SDGWaterWaves-macOS/Info.plist";
				INSTALL_PATH = "$(LOCAL_LIBRARY_DIR)/Frameworks";
				LD_RUNPATH_SEARCH_PATHS = "$(inherited) @executable_path/../Frameworks @loader_path/Frameworks";
				MACOSX_DEPLOYMENT_TARGET = 10.11;
				PRODUCT_BUNDLE_IDENTIFIER = "io.darg.SDGWaterWaves-macOS";
				PRODUCT_NAME = SDGWaterWaves;
				SDKROOT = macosx;
				SKIP_INSTALL = YES;
				SWIFT_OPTIMIZATION_LEVEL = "-Onone";
				SWIFT_VERSION = 3.0;
			};
			name = Debug;
		};
		F4A582981DF89DDB001FCC2A /* Release */ = {
			isa = XCBuildConfiguration;
			buildSettings = {
				CLANG_ENABLE_MODULES = YES;
				CODE_SIGN_IDENTITY = "-";
				COMBINE_HIDPI_IMAGES = YES;
				DEFINES_MODULE = YES;
				DEVELOPMENT_TEAM = "";
				DYLIB_COMPATIBILITY_VERSION = 1;
				DYLIB_CURRENT_VERSION = 1;
				DYLIB_INSTALL_NAME_BASE = "@rpath";
				FRAMEWORK_VERSION = A;
				INFOPLIST_FILE = "SDGWaterWaves-macOS/Info.plist";
				INSTALL_PATH = "$(LOCAL_LIBRARY_DIR)/Frameworks";
				LD_RUNPATH_SEARCH_PATHS = "$(inherited) @executable_path/../Frameworks @loader_path/Frameworks";
				MACOSX_DEPLOYMENT_TARGET = 10.11;
				PRODUCT_BUNDLE_IDENTIFIER = "io.darg.SDGWaterWaves-macOS";
				PRODUCT_NAME = SDGWaterWaves;
				SDKROOT = macosx;
				SKIP_INSTALL = YES;
				SWIFT_VERSION = 3.0;
			};
			name = Release;
		};
/* End XCBuildConfiguration section */

/* Begin XCConfigurationList section */
		F4A5826E1DF89DAB001FCC2A /* Build configuration list for PBXProject "SDGWaterWaves" */ = {
			isa = XCConfigurationList;
			buildConfigurations = (
				F4A5827A1DF89DAB001FCC2A /* Debug */,
				F4A5827B1DF89DAB001FCC2A /* Release */,
			);
			defaultConfigurationIsVisible = 0;
			defaultConfigurationName = Release;
		};
		F4A582891DF89DC4001FCC2A /* Build configuration list for PBXNativeTarget "SDGWaterWaves-iOS" */ = {
			isa = XCConfigurationList;
			buildConfigurations = (
				F4A5828A1DF89DC4001FCC2A /* Debug */,
				F4A5828B1DF89DC4001FCC2A /* Release */,
			);
			defaultConfigurationIsVisible = 0;
			defaultConfigurationName = Release;
		};
		F4A582961DF89DDB001FCC2A /* Build configuration list for PBXNativeTarget "SDGWaterWaves-macOS" */ = {
			isa = XCConfigurationList;
			buildConfigurations = (
				F4A582971DF89DDB001FCC2A /* Debug */,
				F4A582981DF89DDB001FCC2A /* Release */,
			);
			defaultConfigurationIsVisible = 0;
			defaultConfigurationName = Release;
		};
/* End XCConfigurationList section */
	};
	rootObject = F4A5826B1DF89DAB001FCC2A /* Project object */;
}
